
Microsoft Visual Studio Solution File, Format Version 12.00
# Visual Studio Version 18
VisualStudioVersion = 18.3.11310.294
MinimumVisualStudioVersion = 10.0.40219.1
Project("{FAE04EC0-301F-11D3-BF4B-00C04F79EFBC}") = "Consumer", "Consumer\Consumer.csproj", "{798B7A60-3539-2188-B332-29A7F94CD1F6}"
EndProject
Project("{FAE04EC0-301F-11D3-BF4B-00C04F79EFBC}") = "Consumer.UnitTests", "Consumer.UnitTests\Consumer.UnitTests.csproj", "{C7FEF838-BB3B-669F-FFB2-3D44E49794A8}"
EndProject
Project("{2150E333-8FDC-42A3-9474-1A3956D46DE8}") = "Elementos de la solución", "Elementos de la solución", "{F98FD704-3FA2-479E-9A60-1B7B9DD0AB1D}"
	ProjectSection(SolutionItems) = preProject
		CONTRIBUTING.md = CONTRIBUTING.md
		Dockerfile = Dockerfile
	EndProjectSection
EndProject
Global
	GlobalSection(SolutionConfigurationPlatforms) = preSolution
		Debug|Any CPU = Debug|Any CPU
		Release|Any CPU = Release|Any CPU
	EndGlobalSection
	GlobalSection(ProjectConfigurationPlatforms) = postSolution
		{798B7A60-3539-2188-B332-29A7F94CD1F6}.Debug|Any CPU.ActiveCfg = Debug|Any CPU
		{798B7A60-3539-2188-B332-29A7F94CD1F6}.Debug|Any CPU.Build.0 = Debug|Any CPU
		{798B7A60-3539-2188-B332-29A7F94CD1F6}.Release|Any CPU.ActiveCfg = Release|Any CPU
		{798B7A60-3539-2188-B332-29A7F94CD1F6}.Release|Any CPU.Build.0 = Release|Any CPU
		{C7FEF838-BB3B-669F-FFB2-3D44E49794A8}.Debug|Any CPU.ActiveCfg = Debug|Any CPU
		{C7FEF838-BB3B-669F-FFB2-3D44E49794A8}.Debug|Any CPU.Build.0 = Debug|Any CPU
		{C7FEF838-BB3B-669F-FFB2-3D44E49794A8}.Release|Any CPU.ActiveCfg = Release|Any CPU
		{C7FEF838-BB3B-669F-FFB2-3D44E49794A8}.Release|Any CPU.Build.0 = Release|Any CPU
	EndGlobalSection
	GlobalSection(SolutionProperties) = preSolution
		HideSolutionNode = FALSE
	EndGlobalSection
	GlobalSection(ExtensibilityGlobals) = postSolution
		SolutionGuid = {34820A3A-4949-4EBE-BD92-842D3B72D030}
	EndGlobalSection
EndGlobal
